
Microsoft Visual Studio Solution File, Format Version 12.00
# Visual Studio Version 17
VisualStudioVersion = 17.4.33205.214
MinimumVisualStudioVersion = 10.0.40219.1
Project("{FAE04EC0-301F-11D3-BF4B-00C04F79EFBC}") = "prismOffset", "prismOffset.csproj", "{33272954-AFE0-4F35-B0EA-10F90D9E9C11}"
EndProject
Global
	GlobalSection(SolutionConfigurationPlatforms) = preSolution
		Debug|Any CPU = Debug|Any CPU
		Release|Any CPU = Release|Any CPU
	EndGlobalSection
	GlobalSection(ProjectConfigurationPlatforms) = postSolution
		{33272954-AFE0-4F35-B0EA-10F90D9E9C11}.Debug|Any CPU.ActiveCfg = Debug|Any CPU
		{33272954-AFE0-4F35-B0EA-10F90D9E9C11}.Debug|Any CPU.Build.0 = Debug|Any CPU
		{33272954-AFE0-4F35-B0EA-10F90D9E9C11}.Release|Any CPU.ActiveCfg = Release|Any CPU
		{33272954-AFE0-4F35-B0EA-10F90D9E9C11}.Release|Any CPU.Build.0 = Release|Any CPU
	EndGlobalSection
	GlobalSection(SolutionProperties) = preSolution
		HideSolutionNode = FALSE
	EndGlobalSection
	GlobalSection(ExtensibilityGlobals) = postSolution
		SolutionGuid = {AA737EE0-1F04-4E56-A97D-FD9FFC9FAE38}
	EndGlobalSection
EndGlobal
